<Solution>
  <Project Path="personregistration.client/personregistration.client.esproj">
    <Build />
    <Deploy />
  </Project>
  <Project Path="PersonRegistration.Server/PersonRegistration.Server.csproj" />
  <Project Path="PersonRegistration.Tests/PersonRegistration.Tests.csproj" />
</Solution>
